
Microsoft Visual Studio Solution File, Format Version 12.00
# Visual Studio Version 17
VisualStudioVersion = 17.3.32901.215
MinimumVisualStudioVersion = 10.0.40219.1
Project("{FAE04EC0-301F-11D3-BF4B-00C04F79EFBC}") = "UnitTestingDemo", "UnitTestingDemo\UnitTestingDemo.csproj", "{58B000A7-ADC1-47E9-8EC2-18413B62A638}"
EndProject
Project("{FAE04EC0-301F-11D3-BF4B-00C04F79EFBC}") = "BankUnitTest", "BankUnitTest\BankUnitTest.csproj", "{8C3FEE15-B262-45DC-96FD-222AFECE139F}"
EndProject
Global
	GlobalSection(SolutionConfigurationPlatforms) = preSolution
		Debug|Any CPU = Debug|Any CPU
		Release|Any CPU = Release|Any CPU
	EndGlobalSection
	GlobalSection(ProjectConfigurationPlatforms) = postSolution
		{58B000A7-ADC1-47E9-8EC2-18413B62A638}.Debug|Any CPU.ActiveCfg = Debug|Any CPU
		{58B000A7-ADC1-47E9-8EC2-18413B62A638}.Debug|Any CPU.Build.0 = Debug|Any CPU
		{58B000A7-ADC1-47E9-8EC2-18413B62A638}.Release|Any CPU.ActiveCfg = Release|Any CPU
		{58B000A7-ADC1-47E9-8EC2-18413B62A638}.Release|Any CPU.Build.0 = Release|Any CPU
		{8C3FEE15-B262-45DC-96FD-222AFECE139F}.Debug|Any CPU.ActiveCfg = Debug|Any CPU
		{8C3FEE15-B262-45DC-96FD-222AFECE139F}.Debug|Any CPU.Build.0 = Debug|Any CPU
		{8C3FEE15-B262-45DC-96FD-222AFECE139F}.Release|Any CPU.ActiveCfg = Release|Any CPU
		{8C3FEE15-B262-45DC-96FD-222AFECE139F}.Release|Any CPU.Build.0 = Release|Any CPU
	EndGlobalSection
	GlobalSection(SolutionProperties) = preSolution
		HideSolutionNode = FALSE
	EndGlobalSection
	GlobalSection(ExtensibilityGlobals) = postSolution
		SolutionGuid = {DD80C493-374C-4721-9A72-D6D45C162502}
	EndGlobalSection
EndGlobal
